
Microsoft Visual Studio Solution File, Format Version 12.00
# Visual Studio Version 17
VisualStudioVersion = 17.14.36705.20
MinimumVisualStudioVersion = 10.0.40219.1
Project("{8BC9CEB8-8B4A-11D0-8D11-00A0C91BC942}") = "Client", "Project\Client\Client.vcxproj", "{F69640FD-F638-4FDE-A44F-DAC52178701E}"
	ProjectSection(ProjectDependencies) = postProject
		{BD208155-9ABD-412C-B781-CE55008AB374} = {BD208155-9ABD-412C-B781-CE55008AB374}
	EndProjectSection
EndProject
Project("{8BC9CEB8-8B4A-11D0-8D11-00A0C91BC942}") = "GameEngine", "Project\GameEngine\GameEngine.vcxproj", "{BD208155-9ABD-412C-B781-CE55008AB374}"
EndProject
Global
	GlobalSection(SolutionConfigurationPlatforms) = preSolution
		Debug|x64 = Debug|x64
		Debug|x86 = Debug|x86
		Release|x64 = Release|x64
		Release|x86 = Release|x86
	EndGlobalSection
	GlobalSection(ProjectConfigurationPlatforms) = postSolution
		{F69640FD-F638-4FDE-A44F-DAC52178701E}.Debug|x64.ActiveCfg = Debug|x64
		{F69640FD-F638-4FDE-A44F-DAC52178701E}.Debug|x64.Build.0 = Debug|x64
		{F69640FD-F638-4FDE-A44F-DAC52178701E}.Debug|x86.ActiveCfg = Debug|Win32
		{F69640FD-F638-4FDE-A44F-DAC52178701E}.Debug|x86.Build.0 = Debug|Win32
		{F69640FD-F638-4FDE-A44F-DAC52178701E}.Release|x64.ActiveCfg = Release|x64
		{F69640FD-F638-4FDE-A44F-DAC52178701E}.Release|x64.Build.0 = Release|x64
		{F69640FD-F638-4FDE-A44F-DAC52178701E}.Release|x86.ActiveCfg = Release|Win32
		{F69640FD-F638-4FDE-A44F-DAC52178701E}.Release|x86.Build.0 = Release|Win32
		{BD208155-9ABD-412C-B781-CE55008AB374}.Debug|x64.ActiveCfg = Debug|x64
		{BD208155-9ABD-412C-B781-CE55008AB374}.Debug|x64.Build.0 = Debug|x64
		{BD208155-9ABD-412C-B781-CE55008AB374}.Debug|x86.ActiveCfg = Debug|Win32
		{BD208155-9ABD-412C-B781-CE55008AB374}.Debug|x86.Build.0 = Debug|Win32
		{BD208155-9ABD-412C-B781-CE55008AB374}.Release|x64.ActiveCfg = Release|x64
		{BD208155-9ABD-412C-B781-CE55008AB374}.Release|x64.Build.0 = Release|x64
		{BD208155-9ABD-412C-B781-CE55008AB374}.Release|x86.ActiveCfg = Release|Win32
		{BD208155-9ABD-412C-B781-CE55008AB374}.Release|x86.Build.0 = Release|Win32
	EndGlobalSection
	GlobalSection(SolutionProperties) = preSolution
		HideSolutionNode = FALSE
	EndGlobalSection
	GlobalSection(ExtensibilityGlobals) = postSolution
		SolutionGuid = {F826E361-D147-4219-AAB2-82DB9A250E69}
	EndGlobalSection
EndGlobal
